
Microsoft Visual Studio Solution File, Format Version 12.00
# Visual Studio 14
VisualStudioVersion = 14.0.23107.0
MinimumVisualStudioVersion = 10.0.40219.1
Project("{FAE04EC0-301F-11D3-BF4B-00C04F79EFBC}") = "code", "code\code.csproj", "{7E446962-1BE5-46B3-824E-8DE6540242D5}"
EndProject
Project("{FAE04EC0-301F-11D3-BF4B-00C04F79EFBC}") = "web", "web\web.csproj", "{23DF85F2-24E1-411A-A0DB-06F075CCE91B}"
EndProject
Global
	GlobalSection(SolutionConfigurationPlatforms) = preSolution
		Debug|Any CPU = Debug|Any CPU
		Release|Any CPU = Release|Any CPU
	EndGlobalSection
	GlobalSection(ProjectConfigurationPlatforms) = postSolution
		{7E446962-1BE5-46B3-824E-8DE6540242D5}.Debug|Any CPU.ActiveCfg = Debug|Any CPU
		{7E446962-1BE5-46B3-824E-8DE6540242D5}.Debug|Any CPU.Build.0 = Debug|Any CPU
		{7E446962-1BE5-46B3-824E-8DE6540242D5}.Release|Any CPU.ActiveCfg = Release|Any CPU
		{7E446962-1BE5-46B3-824E-8DE6540242D5}.Release|Any CPU.Build.0 = Release|Any CPU
		{23DF85F2-24E1-411A-A0DB-06F075CCE91B}.Debug|Any CPU.ActiveCfg = Debug|Any CPU
		{23DF85F2-24E1-411A-A0DB-06F075CCE91B}.Debug|Any CPU.Build.0 = Debug|Any CPU
		{23DF85F2-24E1-411A-A0DB-06F075CCE91B}.Release|Any CPU.ActiveCfg = Release|Any CPU
		{23DF85F2-24E1-411A-A0DB-06F075CCE91B}.Release|Any CPU.Build.0 = Release|Any CPU
	EndGlobalSection
	GlobalSection(SolutionProperties) = preSolution
		HideSolutionNode = FALSE
	EndGlobalSection
EndGlobal
